
Microsoft Visual Studio Solution File, Format Version 12.00
# Visual Studio 14
VisualStudioVersion = 14.0.25420.1
MinimumVisualStudioVersion = 10.0.40219.1
Project("{2150E333-8FDC-42A3-9474-1A3956D46DE8}") = "src", "src", "{DAEFE5EF-7DE3-4F3A-B911-1ABFCD540675}"
EndProject
Project("{2150E333-8FDC-42A3-9474-1A3956D46DE8}") = "Solution Items", "Solution Items", "{887D74D1-0B6B-44C0-B37D-1A647197CDF5}"
	ProjectSection(SolutionItems) = preProject
		global.json = global.json
	EndProjectSection
EndProject
Project("{8BB2217D-0F2D-49D1-97BC-3654ED321F3B}") = "Dawnsuite", "src\Dawnsuite\Dawnsuite.xproj", "{C41EE7C0-E381-4A15-8F64-3319C4B4B725}"
EndProject
Global
	GlobalSection(SolutionConfigurationPlatforms) = preSolution
		Debug|Any CPU = Debug|Any CPU
		Release|Any CPU = Release|Any CPU
	EndGlobalSection
	GlobalSection(ProjectConfigurationPlatforms) = postSolution
		{C41EE7C0-E381-4A15-8F64-3319C4B4B725}.Debug|Any CPU.ActiveCfg = Debug|Any CPU
		{C41EE7C0-E381-4A15-8F64-3319C4B4B725}.Debug|Any CPU.Build.0 = Debug|Any CPU
		{C41EE7C0-E381-4A15-8F64-3319C4B4B725}.Release|Any CPU.ActiveCfg = Release|Any CPU
		{C41EE7C0-E381-4A15-8F64-3319C4B4B725}.Release|Any CPU.Build.0 = Release|Any CPU
	EndGlobalSection
	GlobalSection(SolutionProperties) = preSolution
		HideSolutionNode = FALSE
	EndGlobalSection
	GlobalSection(NestedProjects) = preSolution
		{C41EE7C0-E381-4A15-8F64-3319C4B4B725} = {DAEFE5EF-7DE3-4F3A-B911-1ABFCD540675}
	EndGlobalSection
EndGlobal
